{
  "name": "wuxia-novel",
  "lockfileVersion": 3,
  "requires": true,
  "packages": {
    "": {
      "dependencies": {
        "js-yaml": "^5.2.1",
        "opencode-tokenwatch": "^0.3.1",
        "pinyin-pro": "3.28.1"
      }
    },
    "node_modules/argparse": {
      "version": "2.0.1",
      "resolved": "https://registry.npmmirror.com/argparse/-/argparse-2.0.1.tgz",
      "integrity": "sha512-8+9WqebbFzpX9OR+Wa6O29asIogeRMzcGtAINdpMHHyAg10f05aSFVBbcEqGf/PXw1EjAZ+q2/bEBg3DvurK3Q==",
      "license": "Python-2.0"
    },
    "node_modules/js-yaml": {
      "version": "5.2.1",
      "resolved": "https://registry.npmmirror.com/js-yaml/-/js-yaml-5.2.1.tgz",
      "integrity": "sha512-zfLtNfQqxVqq3uaTqSkh4x4hZw3KHobGUA0fJUj4wawW8bsQLTVqpHdXSIzidh7o+4lEW36tANuAGdaFx6Zgnw==",
      "funding": [
        {
          "type": "github",
          "url": "https://github.com/sponsors/puzrin"
        },
        {
          "type": "github",
          "url": "https://github.com/sponsors/nodeca"
        }
      ],
      "license": "MIT",
      "dependencies": {
        "argparse": "^2.0.1"
      },
      "bin": {
        "js-yaml": "bin/js-yaml.mjs"
      }
    },
    "node_modules/opencode-tokenwatch": {
      "version": "0.3.1",
      "resolved": "https://registry.npmjs.org/opencode-tokenwatch/-/opencode-tokenwatch-0.3.1.tgz",
      "integrity": "sha512-ojyf2xnZdWfqz9cOx4kOwQnJskGbHKYGEO/s4JyRPCcIm6el5bJVcPJt0wurBR6IoMxLPb76C74TLTA+brHCQw==",
      "license": "MIT",
      "engines": {
        "node": ">=18"
      }
    },
    "node_modules/pinyin-pro": {
      "version": "3.28.1",
      "resolved": "https://registry.npmmirror.com/pinyin-pro/-/pinyin-pro-3.28.1.tgz",
      "integrity": "sha512-oqz8ulwRgtUXRi0vbqEfGNly19zpyCxYrjhkk5TibGcgSW6eNwS5woajCXRwqURi8Ehc2yOFTiB4uNoZ+NJOnA==",
      "license": "MIT"
    }
  }
}
