{
  "name": "wuxia-novel",
  "lockfileVersion": 3,
  "requires": true,
  "packages": {
    "": {
      "dependencies": {
        "opencode-tokenwatch": "^0.3.1"
      }
    },
    "node_modules/opencode-tokenwatch": {
      "version": "0.3.1",
      "resolved": "https://registry.npmjs.org/opencode-tokenwatch/-/opencode-tokenwatch-0.3.1.tgz",
      "integrity": "sha512-ojyf2xnZdWfqz9cOx4kOwQnJskGbHKYGEO/s4JyRPCcIm6el5bJVcPJt0wurBR6IoMxLPb76C74TLTA+brHCQw==",
      "license": "MIT",
      "engines": {
        "node": ">=18"
      }
    }
  }
}
