{
  "name": "wuxia-novel",
  "lockfileVersion": 3,
  "requires": true,
  "packages": {
    "": {
      "dependencies": {
        "opencode-tokenwatch": "^0.3.1",
        "pinyin-pro": "3.28.1"
      }
    },
    "node_modules/opencode-tokenwatch": {
      "version": "0.3.1",
      "resolved": "https://registry.npmjs.org/opencode-tokenwatch/-/opencode-tokenwatch-0.3.1.tgz",
      "integrity": "sha512-ojyf2xnZdWfqz9cOx4kOwQnJskGbHKYGEO/s4JyRPCcIm6el5bJVcPJt0wurBR6IoMxLPb76C74TLTA+brHCQw==",
      "license": "MIT",
      "engines": {
        "node": ">=18"
      }
    },
    "node_modules/pinyin-pro": {
      "version": "3.28.1",
      "resolved": "https://registry.npmmirror.com/pinyin-pro/-/pinyin-pro-3.28.1.tgz",
      "integrity": "sha512-oqz8ulwRgtUXRi0vbqEfGNly19zpyCxYrjhkk5TibGcgSW6eNwS5woajCXRwqURi8Ehc2yOFTiB4uNoZ+NJOnA==",
      "license": "MIT"
    }
  }
}
